
Microsoft Visual Studio Solution File, Format Version 12.00
# Visual Studio Version 17
VisualStudioVersion = 17.4.33205.214
MinimumVisualStudioVersion = 10.0.40219.1
Project("{FAE04EC0-301F-11D3-BF4B-00C04F79EFBC}") = "testing", "testing\testing.csproj", "{54CBE7F8-4162-4986-B28B-574D46B0FCBA}"
EndProject
Global
	GlobalSection(SolutionConfigurationPlatforms) = preSolution
		Debug|Any CPU = Debug|Any CPU
		Release|Any CPU = Release|Any CPU
	EndGlobalSection
	GlobalSection(ProjectConfigurationPlatforms) = postSolution
		{54CBE7F8-4162-4986-B28B-574D46B0FCBA}.Debug|Any CPU.ActiveCfg = Debug|Any CPU
		{54CBE7F8-4162-4986-B28B-574D46B0FCBA}.Debug|Any CPU.Build.0 = Debug|Any CPU
		{54CBE7F8-4162-4986-B28B-574D46B0FCBA}.Release|Any CPU.ActiveCfg = Release|Any CPU
		{54CBE7F8-4162-4986-B28B-574D46B0FCBA}.Release|Any CPU.Build.0 = Release|Any CPU
	EndGlobalSection
	GlobalSection(SolutionProperties) = preSolution
		HideSolutionNode = FALSE
	EndGlobalSection
	GlobalSection(ExtensibilityGlobals) = postSolution
		SolutionGuid = {4DE842C8-259E-45F2-A70F-E4F94AB36F61}
	EndGlobalSection
EndGlobal
